
Microsoft Visual Studio Solution File, Format Version 12.00
# Visual Studio Version 17
VisualStudioVersion = 17.6.33815.320
MinimumVisualStudioVersion = 10.0.40219.1
Project("{FAE04EC0-301F-11D3-BF4B-00C04F79EFBC}") = "HRSolutions", "HRSolutions\HRSolutions.csproj", "{6508F0B6-83AF-47D6-909C-F722AF9AD45A}"
EndProject
Global
	GlobalSection(SolutionConfigurationPlatforms) = preSolution
		Debug|Any CPU = Debug|Any CPU
		Release|Any CPU = Release|Any CPU
	EndGlobalSection
	GlobalSection(ProjectConfigurationPlatforms) = postSolution
		{6508F0B6-83AF-47D6-909C-F722AF9AD45A}.Debug|Any CPU.ActiveCfg = Debug|Any CPU
		{6508F0B6-83AF-47D6-909C-F722AF9AD45A}.Debug|Any CPU.Build.0 = Debug|Any CPU
		{6508F0B6-83AF-47D6-909C-F722AF9AD45A}.Release|Any CPU.ActiveCfg = Release|Any CPU
		{6508F0B6-83AF-47D6-909C-F722AF9AD45A}.Release|Any CPU.Build.0 = Release|Any CPU
	EndGlobalSection
	GlobalSection(SolutionProperties) = preSolution
		HideSolutionNode = FALSE
	EndGlobalSection
	GlobalSection(ExtensibilityGlobals) = postSolution
		SolutionGuid = {CAA5A07A-B1E5-4356-8F58-745EB116B42E}
	EndGlobalSection
EndGlobal
